
Microsoft Visual Studio Solution File, Format Version 12.00
# Visual Studio Version 16
VisualStudioVersion = 16.0.30114.105
MinimumVisualStudioVersion = 10.0.40219.1
Project("{FAE04EC0-301F-11D3-BF4B-00C04F79EFBC}") = "programFolder", "programFolder\programFolder.csproj", "{992B10C4-1AFC-4130-A241-FBF238E5187E}"
EndProject
Project("{FAE04EC0-301F-11D3-BF4B-00C04F79EFBC}") = "programFolder.Tests", "programFolder.Tests\programFolder.Tests.csproj", "{0DC89582-4A16-4E77-912C-C8E8E84C12E6}"
EndProject
Global
	GlobalSection(SolutionConfigurationPlatforms) = preSolution
		Debug|Any CPU = Debug|Any CPU
		Debug|x64 = Debug|x64
		Debug|x86 = Debug|x86
		Release|Any CPU = Release|Any CPU
		Release|x64 = Release|x64
		Release|x86 = Release|x86
	EndGlobalSection
	GlobalSection(SolutionProperties) = preSolution
		HideSolutionNode = FALSE
	EndGlobalSection
	GlobalSection(ProjectConfigurationPlatforms) = postSolution
		{992B10C4-1AFC-4130-A241-FBF238E5187E}.Debug|Any CPU.ActiveCfg = Debug|Any CPU
		{992B10C4-1AFC-4130-A241-FBF238E5187E}.Debug|Any CPU.Build.0 = Debug|Any CPU
		{992B10C4-1AFC-4130-A241-FBF238E5187E}.Debug|x64.ActiveCfg = Debug|Any CPU
		{992B10C4-1AFC-4130-A241-FBF238E5187E}.Debug|x64.Build.0 = Debug|Any CPU
		{992B10C4-1AFC-4130-A241-FBF238E5187E}.Debug|x86.ActiveCfg = Debug|Any CPU
		{992B10C4-1AFC-4130-A241-FBF238E5187E}.Debug|x86.Build.0 = Debug|Any CPU
		{992B10C4-1AFC-4130-A241-FBF238E5187E}.Release|Any CPU.ActiveCfg = Release|Any CPU
		{992B10C4-1AFC-4130-A241-FBF238E5187E}.Release|Any CPU.Build.0 = Release|Any CPU
		{992B10C4-1AFC-4130-A241-FBF238E5187E}.Release|x64.ActiveCfg = Release|Any CPU
		{992B10C4-1AFC-4130-A241-FBF238E5187E}.Release|x64.Build.0 = Release|Any CPU
		{992B10C4-1AFC-4130-A241-FBF238E5187E}.Release|x86.ActiveCfg = Release|Any CPU
		{992B10C4-1AFC-4130-A241-FBF238E5187E}.Release|x86.Build.0 = Release|Any CPU
		{0DC89582-4A16-4E77-912C-C8E8E84C12E6}.Debug|Any CPU.ActiveCfg = Debug|Any CPU
		{0DC89582-4A16-4E77-912C-C8E8E84C12E6}.Debug|Any CPU.Build.0 = Debug|Any CPU
		{0DC89582-4A16-4E77-912C-C8E8E84C12E6}.Debug|x64.ActiveCfg = Debug|Any CPU
		{0DC89582-4A16-4E77-912C-C8E8E84C12E6}.Debug|x64.Build.0 = Debug|Any CPU
		{0DC89582-4A16-4E77-912C-C8E8E84C12E6}.Debug|x86.ActiveCfg = Debug|Any CPU
		{0DC89582-4A16-4E77-912C-C8E8E84C12E6}.Debug|x86.Build.0 = Debug|Any CPU
		{0DC89582-4A16-4E77-912C-C8E8E84C12E6}.Release|Any CPU.ActiveCfg = Release|Any CPU
		{0DC89582-4A16-4E77-912C-C8E8E84C12E6}.Release|Any CPU.Build.0 = Release|Any CPU
		{0DC89582-4A16-4E77-912C-C8E8E84C12E6}.Release|x64.ActiveCfg = Release|Any CPU
		{0DC89582-4A16-4E77-912C-C8E8E84C12E6}.Release|x64.Build.0 = Release|Any CPU
		{0DC89582-4A16-4E77-912C-C8E8E84C12E6}.Release|x86.ActiveCfg = Release|Any CPU
		{0DC89582-4A16-4E77-912C-C8E8E84C12E6}.Release|x86.Build.0 = Release|Any CPU
	EndGlobalSection
EndGlobal
